
Microsoft Visual Studio Solution File, Format Version 12.00
# Visual Studio 2012
Project("{FAE04EC0-301F-11D3-BF4B-00C04F79EFBC}") = "ZMProject", "ZMProject\ZMProject.csproj", "{C8772B3C-4411-4E98-A266-A9A9C09B2DDA}"
EndProject
Project("{FAE04EC0-301F-11D3-BF4B-00C04F79EFBC}") = "map2level", "map2level\map2level.csproj", "{B19A67D5-6BD6-4043-A95E-6603F702AF0F}"
EndProject
Project("{FAE04EC0-301F-11D3-BF4B-00C04F79EFBC}") = "modlinker", "modlinker\modlinker.csproj", "{97088258-5E81-48ED-A16A-07857CE1A40D}"
EndProject
Project("{FAE04EC0-301F-11D3-BF4B-00C04F79EFBC}") = "ModTools", "ModTools\ModTools.csproj", "{38260072-DD93-45D5-8B95-D367CA951771}"
EndProject
Project("{FAE04EC0-301F-11D3-BF4B-00C04F79EFBC}") = "ZC.Scripting", "ZC.Scripting\ZC.Scripting.csproj", "{51BBDBE6-B036-428D-9D54-5D3D71C45E23}"
EndProject
Project("{FAE04EC0-301F-11D3-BF4B-00C04F79EFBC}") = "ScriptingTest", "ScriptingTest\ScriptingTest.csproj", "{40CD4766-DE08-4373-BFD7-4E2713E49E9F}"
EndProject
Global
	GlobalSection(SolutionConfigurationPlatforms) = preSolution
		Debug|Any CPU = Debug|Any CPU
		Debug|Mixed Platforms = Debug|Mixed Platforms
		Debug|x86 = Debug|x86
		Release|Any CPU = Release|Any CPU
		Release|Mixed Platforms = Release|Mixed Platforms
		Release|x86 = Release|x86
	EndGlobalSection
	GlobalSection(ProjectConfigurationPlatforms) = postSolution
		{C8772B3C-4411-4E98-A266-A9A9C09B2DDA}.Debug|Any CPU.ActiveCfg = Debug|x86
		{C8772B3C-4411-4E98-A266-A9A9C09B2DDA}.Debug|Mixed Platforms.ActiveCfg = Debug|x86
		{C8772B3C-4411-4E98-A266-A9A9C09B2DDA}.Debug|Mixed Platforms.Build.0 = Debug|x86
		{C8772B3C-4411-4E98-A266-A9A9C09B2DDA}.Debug|x86.ActiveCfg = Debug|x86
		{C8772B3C-4411-4E98-A266-A9A9C09B2DDA}.Debug|x86.Build.0 = Debug|x86
		{C8772B3C-4411-4E98-A266-A9A9C09B2DDA}.Release|Any CPU.ActiveCfg = Release|x86
		{C8772B3C-4411-4E98-A266-A9A9C09B2DDA}.Release|Mixed Platforms.ActiveCfg = Release|x86
		{C8772B3C-4411-4E98-A266-A9A9C09B2DDA}.Release|Mixed Platforms.Build.0 = Release|x86
		{C8772B3C-4411-4E98-A266-A9A9C09B2DDA}.Release|x86.ActiveCfg = Release|x86
		{C8772B3C-4411-4E98-A266-A9A9C09B2DDA}.Release|x86.Build.0 = Release|x86
		{B19A67D5-6BD6-4043-A95E-6603F702AF0F}.Debug|Any CPU.ActiveCfg = Debug|Any CPU
		{B19A67D5-6BD6-4043-A95E-6603F702AF0F}.Debug|Any CPU.Build.0 = Debug|Any CPU
		{B19A67D5-6BD6-4043-A95E-6603F702AF0F}.Debug|Mixed Platforms.ActiveCfg = Debug|Any CPU
		{B19A67D5-6BD6-4043-A95E-6603F702AF0F}.Debug|Mixed Platforms.Build.0 = Debug|Any CPU
		{B19A67D5-6BD6-4043-A95E-6603F702AF0F}.Debug|x86.ActiveCfg = Debug|Any CPU
		{B19A67D5-6BD6-4043-A95E-6603F702AF0F}.Release|Any CPU.ActiveCfg = Release|Any CPU
		{B19A67D5-6BD6-4043-A95E-6603F702AF0F}.Release|Any CPU.Build.0 = Release|Any CPU
		{B19A67D5-6BD6-4043-A95E-6603F702AF0F}.Release|Mixed Platforms.ActiveCfg = Release|Any CPU
		{B19A67D5-6BD6-4043-A95E-6603F702AF0F}.Release|Mixed Platforms.Build.0 = Release|Any CPU
		{B19A67D5-6BD6-4043-A95E-6603F702AF0F}.Release|x86.ActiveCfg = Release|Any CPU
		{97088258-5E81-48ED-A16A-07857CE1A40D}.Debug|Any CPU.ActiveCfg = Debug|Any CPU
		{97088258-5E81-48ED-A16A-07857CE1A40D}.Debug|Any CPU.Build.0 = Debug|Any CPU
		{97088258-5E81-48ED-A16A-07857CE1A40D}.Debug|Mixed Platforms.ActiveCfg = Debug|Any CPU
		{97088258-5E81-48ED-A16A-07857CE1A40D}.Debug|Mixed Platforms.Build.0 = Debug|Any CPU
		{97088258-5E81-48ED-A16A-07857CE1A40D}.Debug|x86.ActiveCfg = Debug|Any CPU
		{97088258-5E81-48ED-A16A-07857CE1A40D}.Release|Any CPU.ActiveCfg = Release|Any CPU
		{97088258-5E81-48ED-A16A-07857CE1A40D}.Release|Any CPU.Build.0 = Release|Any CPU
		{97088258-5E81-48ED-A16A-07857CE1A40D}.Release|Mixed Platforms.ActiveCfg = Release|Any CPU
		{97088258-5E81-48ED-A16A-07857CE1A40D}.Release|Mixed Platforms.Build.0 = Release|Any CPU
		{97088258-5E81-48ED-A16A-07857CE1A40D}.Release|x86.ActiveCfg = Release|Any CPU
		{38260072-DD93-45D5-8B95-D367CA951771}.Debug|Any CPU.ActiveCfg = Debug|Any CPU
		{38260072-DD93-45D5-8B95-D367CA951771}.Debug|Any CPU.Build.0 = Debug|Any CPU
		{38260072-DD93-45D5-8B95-D367CA951771}.Debug|Mixed Platforms.ActiveCfg = Debug|Any CPU
		{38260072-DD93-45D5-8B95-D367CA951771}.Debug|Mixed Platforms.Build.0 = Debug|Any CPU
		{38260072-DD93-45D5-8B95-D367CA951771}.Debug|x86.ActiveCfg = Debug|Any CPU
		{38260072-DD93-45D5-8B95-D367CA951771}.Release|Any CPU.ActiveCfg = Release|Any CPU
		{38260072-DD93-45D5-8B95-D367CA951771}.Release|Any CPU.Build.0 = Release|Any CPU
		{38260072-DD93-45D5-8B95-D367CA951771}.Release|Mixed Platforms.ActiveCfg = Release|Any CPU
		{38260072-DD93-45D5-8B95-D367CA951771}.Release|Mixed Platforms.Build.0 = Release|Any CPU
		{38260072-DD93-45D5-8B95-D367CA951771}.Release|x86.ActiveCfg = Release|Any CPU
		{51BBDBE6-B036-428D-9D54-5D3D71C45E23}.Debug|Any CPU.ActiveCfg = Debug|Any CPU
		{51BBDBE6-B036-428D-9D54-5D3D71C45E23}.Debug|Any CPU.Build.0 = Debug|Any CPU
		{51BBDBE6-B036-428D-9D54-5D3D71C45E23}.Debug|Mixed Platforms.ActiveCfg = Debug|Any CPU
		{51BBDBE6-B036-428D-9D54-5D3D71C45E23}.Debug|Mixed Platforms.Build.0 = Debug|Any CPU
		{51BBDBE6-B036-428D-9D54-5D3D71C45E23}.Debug|x86.ActiveCfg = Debug|Any CPU
		{51BBDBE6-B036-428D-9D54-5D3D71C45E23}.Release|Any CPU.ActiveCfg = Release|Any CPU
		{51BBDBE6-B036-428D-9D54-5D3D71C45E23}.Release|Any CPU.Build.0 = Release|Any CPU
		{51BBDBE6-B036-428D-9D54-5D3D71C45E23}.Release|Mixed Platforms.ActiveCfg = Release|Any CPU
		{51BBDBE6-B036-428D-9D54-5D3D71C45E23}.Release|Mixed Platforms.Build.0 = Release|Any CPU
		{51BBDBE6-B036-428D-9D54-5D3D71C45E23}.Release|x86.ActiveCfg = Release|Any CPU
		{40CD4766-DE08-4373-BFD7-4E2713E49E9F}.Debug|Any CPU.ActiveCfg = Debug|Any CPU
		{40CD4766-DE08-4373-BFD7-4E2713E49E9F}.Debug|Any CPU.Build.0 = Debug|Any CPU
		{40CD4766-DE08-4373-BFD7-4E2713E49E9F}.Debug|Mixed Platforms.ActiveCfg = Debug|Any CPU
		{40CD4766-DE08-4373-BFD7-4E2713E49E9F}.Debug|Mixed Platforms.Build.0 = Debug|Any CPU
		{40CD4766-DE08-4373-BFD7-4E2713E49E9F}.Debug|x86.ActiveCfg = Debug|Any CPU
		{40CD4766-DE08-4373-BFD7-4E2713E49E9F}.Release|Any CPU.ActiveCfg = Release|Any CPU
		{40CD4766-DE08-4373-BFD7-4E2713E49E9F}.Release|Any CPU.Build.0 = Release|Any CPU
		{40CD4766-DE08-4373-BFD7-4E2713E49E9F}.Release|Mixed Platforms.ActiveCfg = Release|Any CPU
		{40CD4766-DE08-4373-BFD7-4E2713E49E9F}.Release|Mixed Platforms.Build.0 = Release|Any CPU
		{40CD4766-DE08-4373-BFD7-4E2713E49E9F}.Release|x86.ActiveCfg = Release|Any CPU
	EndGlobalSection
	GlobalSection(SolutionProperties) = preSolution
		HideSolutionNode = FALSE
	EndGlobalSection
EndGlobal
